{
  "name": "cheese-test",
  "version": "1.0.0",
  "lockfileVersion": 2,
  "requires": true,
  "packages": {
    "": {
      "name": "cheese-test",
      "version": "1.0.0",
      "license": "ISC",
      "dependencies": {
        "cheese-test": "^1.0.0"
      }
    },
    "node_modules/cheese-test": {
      "version": "1.0.0",
      "resolved": "https://registry.npmjs.org/cheese-test/-/cheese-test-1.0.0.tgz",
      "integrity": "sha512-YBpLQSEwM0sqRoMYp6JzHMvhrWUXjxj8ztXW18RgPsXJs3R6oZIgGcExdEqwedqPZV0FlrneZ5ozngsqpSQhUg=="
    }
  },
  "dependencies": {
    "cheese-test": {
      "version": "1.0.0",
      "resolved": "https://registry.npmjs.org/cheese-test/-/cheese-test-1.0.0.tgz",
      "integrity": "sha512-YBpLQSEwM0sqRoMYp6JzHMvhrWUXjxj8ztXW18RgPsXJs3R6oZIgGcExdEqwedqPZV0FlrneZ5ozngsqpSQhUg=="
    }
  }
}
